
Microsoft Visual Studio Solution File, Format Version 12.00
# Visual Studio 2015
Project("{FAE04EC0-301F-11D3-BF4B-00C04F79EFBC}") = "Unity_AI_Behavior", "Unity_AI_Behavior.csproj", "{5CBC3F28-2955-02D5-D84B-73FF6EB5A8CC}"
EndProject
Global
	GlobalSection(SolutionConfigurationPlatforms) = preSolution
		Debug|Any CPU = Debug|Any CPU
		Release|Any CPU = Release|Any CPU
	EndGlobalSection
	GlobalSection(ProjectConfigurationPlatforms) = postSolution
		{5CBC3F28-2955-02D5-D84B-73FF6EB5A8CC}.Debug|Any CPU.ActiveCfg = Debug|Any CPU
		{5CBC3F28-2955-02D5-D84B-73FF6EB5A8CC}.Debug|Any CPU.Build.0 = Debug|Any CPU
		{5CBC3F28-2955-02D5-D84B-73FF6EB5A8CC}.Release|Any CPU.ActiveCfg = Release|Any CPU
		{5CBC3F28-2955-02D5-D84B-73FF6EB5A8CC}.Release|Any CPU.Build.0 = Release|Any CPU
	EndGlobalSection
	GlobalSection(SolutionProperties) = preSolution
		HideSolutionNode = FALSE
	EndGlobalSection
EndGlobal
